{
  "version": 4,
  "terraform_version": "1.1.9",
  "serial": 12,
  "lineage": "f146c6d1-7b92-4489-1d62-612b288894de",
  "outputs": {
    "description": {
      "value": "proyecto ecommerce mguerra",
      "type": "string"
    },
    "endpoint": {
      "value": "34.145.36.44",
      "type": "string"
    },
    "id": {
      "value": "projects/stf-taller001/locations/us-west1/clusters/clstr-dev-mguerra",
      "type": "string"
    },
    "name": {
      "value": "clstr-dev-mguerra",
      "type": "string"
    },
    "project": {
      "value": "stf-taller001",
      "type": "string"
    }
  },
  "resources": [
    {
      "mode": "managed",
      "type": "google_container_cluster",
      "name": "default",
      "provider": "provider[\"registry.terraform.io/hashicorp/google\"]",
      "instances": [
        {
          "schema_version": 1,
          "attributes": {
            "addons_config": [
              {
                "cloudrun_config": [],
                "gcp_filestore_csi_driver_config": [],
                "horizontal_pod_autoscaling": [],
                "http_load_balancing": [],
                "network_policy_config": [
                  {
                    "disabled": true
                  }
                ]
              }
            ],
            "authenticator_groups_config": [],
            "cluster_autoscaling": [
              {
                "auto_provisioning_defaults": [],
                "enabled": false,
                "resource_limits": []
              }
            ],
            "cluster_ipv4_cidr": "10.0.0.0/14",
            "confidential_nodes": [],
            "database_encryption": [
              {
                "key_name": "",
                "state": "DECRYPTED"
              }
            ],
            "datapath_provider": "",
            "default_max_pods_per_node": null,
            "default_snat_status": [
              {
                "disabled": false
              }
            ],
            "description": "proyecto ecommerce mguerra",
            "dns_config": [],
            "enable_autopilot": false,
            "enable_binary_authorization": false,
            "enable_intranode_visibility": false,
            "enable_kubernetes_alpha": false,
            "enable_legacy_abac": true,
            "enable_shielded_nodes": true,
            "enable_tpu": false,
            "endpoint": "34.145.36.44",
            "id": "projects/stf-taller001/locations/us-west1/clusters/clstr-dev-mguerra",
            "initial_node_count": 1,
            "ip_allocation_policy": [],
            "label_fingerprint": "a9dc16a7",
            "location": "us-west1",
            "logging_config": [
              {
                "enable_components": [
                  "SYSTEM_COMPONENTS",
                  "WORKLOADS"
                ]
              }
            ],
            "logging_service": "logging.googleapis.com/kubernetes",
            "maintenance_policy": [],
            "master_auth": [
              {
                "client_certificate": "",
                "client_certificate_config": [
                  {
                    "issue_client_certificate": false
                  }
                ],
                "client_key": "",
                "cluster_ca_certificate": "LS0tLS1CRUdJTiBDRVJUSUZJQ0FURS0tLS0tCk1JSUVMRENDQXBTZ0F3SUJBZ0lRVUxVMWt2Tk9ieWNqRHVNbG5uOGFyREFOQmdrcWhraUc5dzBCQVFzRkFEQXYKTVMwd0t3WURWUVFERXlSbU5XWTVOVGN3T1MxbU56QmhMVFE0T1RNdE9EVTNaaTB6TVRBd01qYzRaV1k1TmpJdwpJQmNOTWpJd05URXlNakl4TmpJNVdoZ1BNakExTWpBMU1EUXlNekUyTWpsYU1DOHhMVEFyQmdOVkJBTVRKR1kxClpqazFOekE1TFdZM01HRXRORGc1TXkwNE5UZG1MVE14TURBeU56aGxaamsyTWpDQ0FhSXdEUVlKS29aSWh2Y04KQVFFQkJRQURnZ0dQQURDQ0FZb0NnZ0dCQU5acXdQRVZIaTNybWQydGRReHFPc2psY0EyUlI0M2JpQVZjRHJFZApuZWNId1gyMFNxUDI5dTZSeFQxUGdRRjE5d3BackQ0dTUwR09HUHc5cmVPNTZpV0gzd3hQUlZiVFpjTGxvb1JNCldOVFZSa0M4dWhXS3FQZVdiNDZScU9KMnJYWEtmcks0cjZHR05odVo0OEcxZkxjU2pCdHdYRGpqVEtYOWJRc2MKbytiRUg0L0E4ZnF5SytJZThjbjJTM28vdFZvYlllakl3NWNZZnFJQXRHb1J1ZkJnYUFadUJHTitsOXNnVDNJdQpCNGFRWkJZZ09HS1cwZlNDQmsvMU0xa2dHUHJVb0ZBNE5XYkpQRjJia09lQXBhcExLYkFEZFRETG15SEtFdkFvCkovY0JhRk5LYjhVYkFXREFoaUNPaWljRzVVWEdkUStsMk9GMHNhODE4clpweGJtMVNvZDc1UnZxblFzK3Q2UmIKZDZHMnZvM243ZzQxa3VQMXBibkpBQlR6eWkvWGlBSTNvM3Ara1pVWWNXZy9HeEhKY1pudGQyVWRFU0p2NHRpRwpuSGJzRmlueGJEUXV5Yjc5SU5DcnVVT2V3YWVZaGU5TGUxNHFadk5qRy9HSkFab3lrZXR0ajA2ZGl1c0YxdWxRCis3S0M2WDFnY3IrRXkvLy94UDd3Z1dCcHdRSURBUUFCbzBJd1FEQU9CZ05WSFE4QkFmOEVCQU1DQWdRd0R3WUQKVlIwVEFRSC9CQVV3QXdFQi96QWRCZ05WSFE0RUZnUVVwMHhqVmpmaTlHWEFFdWNwak8xWTNreml3cVl3RFFZSgpLb1pJaHZjTkFRRUxCUUFEZ2dHQkFEUkxOTTN3a1RLc2pjYi81QXVDbUVRd0p0S3dkbk5zYi95d2ZYZ0s3Y0VUCmsrVG9BMVFkVTA4UEk1cUNpM05ZYW9IVDkzYWdiQlhURGpNWk1aVm5aY3I4MmhXdjZYRm1oQW9LWWt1cXdXU08KT3JlL2VZbG12NHJsa2FrZHVmTU5zNFJvbHB5NDR3MGdyM1pEd3Rab0xtNkg4akNjcGVoOVRReC9RdzQ4U3JnWQpOVnpGNlVSNkZGa1JOd3ZQR0ZnZDlwZkNCcmtjWmJpN1ArMGEyMlNYeTZxaFBUdmx3ZTg1eGIrWHYyVXp0dWV5CnovaExqejdYR2tBNzlIZG5FTXNmM2lHUEF3V0pFZzVHSWlHTWRaUlp2dS9XYWJ5U0xXTTlWdm95WUFKdFU4VXIKYnlsU21OT1dlbSs4NTlaMCs3MFEzYW1veEk2VjZDdjNJMUhrTnBmWUNuUzN1alUyc2VqSStIOVliQzJFclBmVApEZWExL3BiNG44SFQvek1LSzc4R0lCMlgzdUh1RjJCNGJlYjN0VHNwOFNmb3BlWlc4czR1UVBIRWQwanAyWEF3CmNFMkxCVlp5dHZ4ZWUwRVZQSzhoZk5qUUNQcDk3RHk2ZVkvd2R6UDB1aHprUGdUWVpEMHg3QnpLMEg4RkROdjcKM0dtZmVBMEJ6SDdtZXRJaXhNWGNqdz09Ci0tLS0tRU5EIENFUlRJRklDQVRFLS0tLS0K"
              }
            ],
            "master_authorized_networks_config": [],
            "master_version": "1.21.10-gke.2000",
            "min_master_version": null,
            "monitoring_config": [
              {
                "enable_components": [
                  "SYSTEM_COMPONENTS"
                ]
              }
            ],
            "monitoring_service": "monitoring.googleapis.com/kubernetes",
            "name": "clstr-dev-mguerra",
            "network": "projects/stf-taller001/global/networks/default",
            "network_policy": [
              {
                "enabled": false,
                "provider": "PROVIDER_UNSPECIFIED"
              }
            ],
            "networking_mode": "ROUTES",
            "node_config": [],
            "node_locations": [
              "us-west1-a",
              "us-west1-b",
              "us-west1-c"
            ],
            "node_pool": [],
            "node_version": "1.21.10-gke.2000",
            "operation": null,
            "private_cluster_config": [],
            "private_ipv6_google_access": "",
            "project": "stf-taller001",
            "release_channel": [
              {
                "channel": "REGULAR"
              }
            ],
            "remove_default_node_pool": true,
            "resource_labels": null,
            "resource_usage_export_config": [],
            "self_link": "https://container.googleapis.com/v1/projects/stf-taller001/locations/us-west1/clusters/clstr-dev-mguerra",
            "services_ipv4_cidr": "10.3.240.0/20",
            "subnetwork": "projects/stf-taller001/regions/us-west1/subnetworks/default",
            "timeouts": null,
            "tpu_ipv4_cidr_block": "",
            "vertical_pod_autoscaling": [],
            "workload_identity_config": []
          },
          "sensitive_attributes": [],
          "private": "eyJlMmJmYjczMC1lY2FhLTExZTYtOGY4OC0zNDM2M2JjN2M0YzAiOnsiY3JlYXRlIjoyNDAwMDAwMDAwMDAwLCJkZWxldGUiOjI0MDAwMDAwMDAwMDAsInJlYWQiOjI0MDAwMDAwMDAwMDAsInVwZGF0ZSI6MzYwMDAwMDAwMDAwMH0sInNjaGVtYV92ZXJzaW9uIjoiMSJ9"
        }
      ]
    },
    {
      "mode": "managed",
      "type": "google_container_node_pool",
      "name": "default",
      "provider": "provider[\"registry.terraform.io/hashicorp/google\"]",
      "instances": [
        {
          "schema_version": 1,
          "attributes": {
            "autoscaling": [],
            "cluster": "clstr-dev-mguerra",
            "id": "projects/stf-taller001/locations/us-west1/clusters/clstr-dev-mguerra/nodePools/pool-ecommerce-mguerra",
            "initial_node_count": 1,
            "instance_group_urls": [
              "https://www.googleapis.com/compute/v1/projects/stf-taller001/zones/us-west1-c/instanceGroupManagers/gke-clstr-dev-mguerr-pool-ecommerce-m-c429dbe6-grp",
              "https://www.googleapis.com/compute/v1/projects/stf-taller001/zones/us-west1-b/instanceGroupManagers/gke-clstr-dev-mguerr-pool-ecommerce-m-1350dec0-grp",
              "https://www.googleapis.com/compute/v1/projects/stf-taller001/zones/us-west1-a/instanceGroupManagers/gke-clstr-dev-mguerr-pool-ecommerce-m-2265f888-grp"
            ],
            "location": "us-west1",
            "managed_instance_group_urls": [
              "https://www.googleapis.com/compute/v1/projects/stf-taller001/zones/us-west1-c/instanceGroups/gke-clstr-dev-mguerr-pool-ecommerce-m-c429dbe6-grp",
              "https://www.googleapis.com/compute/v1/projects/stf-taller001/zones/us-west1-b/instanceGroups/gke-clstr-dev-mguerr-pool-ecommerce-m-1350dec0-grp",
              "https://www.googleapis.com/compute/v1/projects/stf-taller001/zones/us-west1-a/instanceGroups/gke-clstr-dev-mguerr-pool-ecommerce-m-2265f888-grp"
            ],
            "management": [
              {
                "auto_repair": true,
                "auto_upgrade": true
              }
            ],
            "max_pods_per_node": null,
            "name": "pool-ecommerce-mguerra",
            "name_prefix": "",
            "node_config": [
              {
                "boot_disk_kms_key": "",
                "disk_size_gb": 100,
                "disk_type": "pd-standard",
                "gcfs_config": [],
                "guest_accelerator": [],
                "gvnic": [],
                "image_type": "COS_CONTAINERD",
                "labels": {},
                "local_ssd_count": 0,
                "machine_type": "e2-micro",
                "metadata": {
                  "disable-legacy-endpoints": "true"
                },
                "min_cpu_platform": "",
                "node_group": "",
                "oauth_scopes": [
                  "https://www.googleapis.com/auth/logging.write",
                  "https://www.googleapis.com/auth/monitoring"
                ],
                "preemptible": true,
                "service_account": "default",
                "shielded_instance_config": [
                  {
                    "enable_integrity_monitoring": true,
                    "enable_secure_boot": false
                  }
                ],
                "tags": null,
                "taint": [],
                "workload_metadata_config": []
              }
            ],
            "node_count": 1,
            "node_locations": [
              "us-west1-a",
              "us-west1-b",
              "us-west1-c"
            ],
            "operation": null,
            "project": "stf-taller001",
            "timeouts": null,
            "upgrade_settings": [
              {
                "max_surge": 1,
                "max_unavailable": 0
              }
            ],
            "version": "1.21.10-gke.2000"
          },
          "sensitive_attributes": [],
          "private": "eyJlMmJmYjczMC1lY2FhLTExZTYtOGY4OC0zNDM2M2JjN2M0YzAiOnsiY3JlYXRlIjoxODAwMDAwMDAwMDAwLCJkZWxldGUiOjE4MDAwMDAwMDAwMDAsInVwZGF0ZSI6MTgwMDAwMDAwMDAwMH0sInNjaGVtYV92ZXJzaW9uIjoiMSJ9",
          "dependencies": [
            "google_container_cluster.default"
          ]
        }
      ]
    }
  ]
}
