{
  "version": 4,
  "terraform_version": "1.1.9",
  "serial": 9,
  "lineage": "f146c6d1-7b92-4489-1d62-612b288894de",
  "outputs": {
    "description": {
      "value": "proyecto ecommerce mguerra",
      "type": "string"
    },
    "endpoint": {
      "value": "34.83.133.244",
      "type": "string"
    },
    "id": {
      "value": "projects/stf-taller001/locations/us-west1/clusters/clstr-dev-mguerra",
      "type": "string"
    },
    "name": {
      "value": "clstr-dev-mguerra",
      "type": "string"
    },
    "project": {
      "value": "stf-taller001",
      "type": "string"
    }
  },
  "resources": [
    {
      "mode": "managed",
      "type": "google_container_cluster",
      "name": "default",
      "provider": "provider[\"registry.terraform.io/hashicorp/google\"]",
      "instances": [
        {
          "schema_version": 1,
          "attributes": {
            "addons_config": [
              {
                "cloudrun_config": [],
                "gcp_filestore_csi_driver_config": [],
                "horizontal_pod_autoscaling": [],
                "http_load_balancing": [],
                "network_policy_config": [
                  {
                    "disabled": true
                  }
                ]
              }
            ],
            "authenticator_groups_config": [],
            "cluster_autoscaling": [
              {
                "auto_provisioning_defaults": [],
                "enabled": false,
                "resource_limits": []
              }
            ],
            "cluster_ipv4_cidr": "10.0.0.0/14",
            "confidential_nodes": [],
            "database_encryption": [
              {
                "key_name": "",
                "state": "DECRYPTED"
              }
            ],
            "datapath_provider": "",
            "default_max_pods_per_node": null,
            "default_snat_status": [
              {
                "disabled": false
              }
            ],
            "description": "proyecto ecommerce mguerra",
            "dns_config": [],
            "enable_autopilot": false,
            "enable_binary_authorization": false,
            "enable_intranode_visibility": false,
            "enable_kubernetes_alpha": false,
            "enable_legacy_abac": true,
            "enable_shielded_nodes": true,
            "enable_tpu": false,
            "endpoint": "34.83.133.244",
            "id": "projects/stf-taller001/locations/us-west1/clusters/clstr-dev-mguerra",
            "initial_node_count": 1,
            "ip_allocation_policy": [],
            "label_fingerprint": "a9dc16a7",
            "location": "us-west1",
            "logging_config": [
              {
                "enable_components": [
                  "SYSTEM_COMPONENTS",
                  "WORKLOADS"
                ]
              }
            ],
            "logging_service": "logging.googleapis.com/kubernetes",
            "maintenance_policy": [],
            "master_auth": [
              {
                "client_certificate": "",
                "client_certificate_config": [
                  {
                    "issue_client_certificate": false
                  }
                ],
                "client_key": "",
                "cluster_ca_certificate": "LS0tLS1CRUdJTiBDRVJUSUZJQ0FURS0tLS0tCk1JSUVMRENDQXBTZ0F3SUJBZ0lRR0diVXYxWG9kNm44NGwyZFVZNnQ5VEFOQmdrcWhraUc5dzBCQVFzRkFEQXYKTVMwd0t3WURWUVFERXlRNFltTXlaVEJoTXkwMU1EUXpMVFEwWTJFdFltRTVNUzB5WkRjNU9UVTFNekZsWmpndwpJQmNOTWpJd05URXlNakl3TURNMldoZ1BNakExTWpBMU1EUXlNekF3TXpaYU1DOHhMVEFyQmdOVkJBTVRKRGhpCll6SmxNR0V6TFRVd05ETXRORFJqWVMxaVlUa3hMVEprTnprNU5UVXpNV1ZtT0RDQ0FhSXdEUVlKS29aSWh2Y04KQVFFQkJRQURnZ0dQQURDQ0FZb0NnZ0dCQUxidEt4eGlYSXZLOGVJUWFuVnJoOWF4amFCNWpCR2xqR2UrYURkdgpGY2ZLU1JPMnVXRkpoaWxoRDFld1dxeW9zcm9vOFlyN1F0SUMvMUZ4L1h1YS9IWFZqbndmRUlLakFUV3RuV2d6CmxOTmdqQXZjb0pRa2xyTWxIQnFBZ3VLWU1tN3BXMXVEMDRxNG9xZFdmWitqY25XYnZHMjFHcndpYjNBVUxwK1YKalpmaklRd3grMEhjaUxDYlhiNFJGVjJza1FWdHJTa3kwZ2E2WEhybS95SDF3RG96V2tzb0RLQ2NNTzZ3YzMyNQpPQTF3M01lTm03V21LSWpEY2YxNUk0ejdTcEs4eUVwSlcyMk1VcVBPRnZTRHJmdFdySlBhdWdkTmNRNWdUUnFLCmdxak1mSXI2T201dGZURVJqSG5qZlhPYmZDeitxRm9yUGtmWlhrVEVtWEd1NHVBYVZ3ME05bUtXVjZXd0doL08KOW1aNERTV1FQZlZVaXpjdWdYUDF6QlFWeFBnZkh1UXRaTlNoMy91emNES0tIWUpvN2JzUjRvOW1qcUZXa3R5aAp1anQyTG9jdGZCK1RZcGRrNXF4ZWdiUTV6R1Q1c241R0QrcWJyOGQ1YW1Nb1IveDNGaHJPdWVjQ2dDd25IbkRaCkliVEtWclFpcWN6YkNzSjB6WVJQMlp1TVJ3SURBUUFCbzBJd1FEQU9CZ05WSFE4QkFmOEVCQU1DQWdRd0R3WUQKVlIwVEFRSC9CQVV3QXdFQi96QWRCZ05WSFE0RUZnUVV0UXMzK3R3YkdXNU1wVGhLTUt4ajc2MGZwam93RFFZSgpLb1pJaHZjTkFRRUxCUUFEZ2dHQkFFUUFCS2o1M3ExdkQzVzlWUG5JSTFnU0NZTTN3ZCs0R1VnZzRzMWc3UzVJClJ6OGRCR3U4bWFEL2NHRkVWUXhXUC9RRjRlM1g1WGJzaVV6ZUNFeGRPVFdRZ3hrMXRDb0JKVlJ0TUpsRDhZbVQKdjN6czJnMVBwRVVLZXdQWjRBSWhSVVgzYllDQ056MEt2ekE1UUhFQS9LaG9PY3h6SFJBZ3BRNE5nSnU5MFhqOQpRaTJFM3pBYjZyOTlIcXpBTmRidjd1czZFRE5VeTQ3OUxPRUJDYWdPQkJ0c1pIeEVWeDhXWW54N2ZsRHpIVFJrCm1IM1BQdzVia01jS050dWNXbnd5NGtEazZlUWFkdkwwdnlra2t4N1dnWVpuOVduWkt6NU9XMTRiR1doYzhLRFYKZmxreFVIMFczZjh4R3pGOFhDYVFtOHVLc2sxK1NjU1h0VHVjZjhiSWJDTVd0U1VmSHViam1FTnVUTWFFUEkzbQowVU1oWnhVZjhhNjYvOVhUQWM1cVJYOVJ6YWZML0p0cG1GL3VhL0NOY3BuVkxRZTkzSzc3UUxVOVdwYVpKd0dBCnovYUxQU0Rza3d6dTJpQi9mMFJMQnFDMGtkamUxSGRqYkdmY1FLNzBzYW9wQnR3Q0hQZG83R0dMSWlSSUtxcGgKZHczdDhZVFlSOFBtc1Vmc0taTmpNdz09Ci0tLS0tRU5EIENFUlRJRklDQVRFLS0tLS0K"
              }
            ],
            "master_authorized_networks_config": [],
            "master_version": "1.21.10-gke.2000",
            "min_master_version": null,
            "monitoring_config": [
              {
                "enable_components": [
                  "SYSTEM_COMPONENTS"
                ]
              }
            ],
            "monitoring_service": "monitoring.googleapis.com/kubernetes",
            "name": "clstr-dev-mguerra",
            "network": "projects/stf-taller001/global/networks/default",
            "network_policy": [
              {
                "enabled": false,
                "provider": "PROVIDER_UNSPECIFIED"
              }
            ],
            "networking_mode": "ROUTES",
            "node_config": [],
            "node_locations": [
              "us-west1-a",
              "us-west1-b",
              "us-west1-c"
            ],
            "node_pool": [],
            "node_version": "1.21.10-gke.2000",
            "operation": null,
            "private_cluster_config": [],
            "private_ipv6_google_access": "",
            "project": "stf-taller001",
            "release_channel": [
              {
                "channel": "REGULAR"
              }
            ],
            "remove_default_node_pool": true,
            "resource_labels": {},
            "resource_usage_export_config": [],
            "self_link": "https://container.googleapis.com/v1/projects/stf-taller001/locations/us-west1/clusters/clstr-dev-mguerra",
            "services_ipv4_cidr": "10.3.240.0/20",
            "subnetwork": "projects/stf-taller001/regions/us-west1/subnetworks/default",
            "timeouts": null,
            "tpu_ipv4_cidr_block": "",
            "vertical_pod_autoscaling": [],
            "workload_identity_config": []
          },
          "sensitive_attributes": [],
          "private": "eyJlMmJmYjczMC1lY2FhLTExZTYtOGY4OC0zNDM2M2JjN2M0YzAiOnsiY3JlYXRlIjoyNDAwMDAwMDAwMDAwLCJkZWxldGUiOjI0MDAwMDAwMDAwMDAsInJlYWQiOjI0MDAwMDAwMDAwMDAsInVwZGF0ZSI6MzYwMDAwMDAwMDAwMH0sInNjaGVtYV92ZXJzaW9uIjoiMSJ9"
        }
      ]
    },
    {
      "mode": "managed",
      "type": "google_container_node_pool",
      "name": "default",
      "provider": "provider[\"registry.terraform.io/hashicorp/google\"]",
      "instances": [
        {
          "status": "tainted",
          "schema_version": 1,
          "attributes": {
            "autoscaling": [],
            "cluster": "clstr-dev-mguerra",
            "id": "projects/stf-taller001/locations/us-west1/clusters/clstr-dev-mguerra/nodePools/pool-ecommerce-mguerra",
            "initial_node_count": null,
            "instance_group_urls": null,
            "location": "us-west1",
            "managed_instance_group_urls": null,
            "management": null,
            "max_pods_per_node": null,
            "name": "pool-ecommerce-mguerra",
            "name_prefix": null,
            "node_config": [
              {
                "boot_disk_kms_key": "",
                "disk_size_gb": 0,
                "disk_type": "",
                "gcfs_config": [],
                "guest_accelerator": [],
                "gvnic": [],
                "image_type": "",
                "labels": {},
                "local_ssd_count": 0,
                "machine_type": "e2-micro",
                "metadata": {
                  "disable-legacy-endpoints": "true"
                },
                "min_cpu_platform": "",
                "node_group": "",
                "oauth_scopes": [
                  "https://www.googleapis.com/auth/logging.write",
                  "https://www.googleapis.com/auth/monitoring"
                ],
                "preemptible": true,
                "service_account": "",
                "shielded_instance_config": [],
                "tags": null,
                "taint": [],
                "workload_metadata_config": []
              }
            ],
            "node_count": 1,
            "node_locations": [],
            "operation": null,
            "project": "stf-taller001",
            "timeouts": null,
            "upgrade_settings": null,
            "version": null
          },
          "sensitive_attributes": [],
          "private": "eyJlMmJmYjczMC1lY2FhLTExZTYtOGY4OC0zNDM2M2JjN2M0YzAiOnsiY3JlYXRlIjoxODAwMDAwMDAwMDAwLCJkZWxldGUiOjE4MDAwMDAwMDAwMDAsInVwZGF0ZSI6MTgwMDAwMDAwMDAwMH0sInNjaGVtYV92ZXJzaW9uIjoiMSJ9"
        }
      ]
    }
  ]
}
